{
  "version": 1,
  "dependencies": {
    "net8.0": {
      "Microsoft.AspNetCore.Components.WebAssembly.Server": {
        "type": "Direct",
        "requested": "[8.0.30, )",
        "resolved": "8.0.30",
        "contentHash": "TxXH9wFgq3ul0UxMYuL03HWiLsN/c+wEmcMfhB2zxMhYIvgqP5bRgmrbwgxFg1e3f+YJwwhH7i3unNH+pbOsHg=="
      },
      "BouncyCastle.Cryptography": {
        "type": "Transitive",
        "resolved": "2.7.0",
        "contentHash": "U+12df8UEWHgBi04YVf/Lgi2dy3SItlIYvHjjEVa/BngCQIzDCDRBk50DDByCfDvSbe5pRNFr3b7UrVK2kMcLw=="
      },
      "Lib.Net.Http.EncryptedContentEncoding": {
        "type": "Transitive",
        "resolved": "2.1.1",
        "contentHash": "n+CuGyBCZ9zLT3p39sab1bSL2FRCoXHXUM/T7jXwZlibOE+mASOqXcKD9LzNjH+VZTdA0mn02EdBww06DzD9IA=="
      },
      "Lib.Net.Http.WebPush": {
        "type": "Transitive",
        "resolved": "3.3.1",
        "contentHash": "5ByiHRcY3lF/4LA7ZbgzBEUmX6oYlPTS1NzXEom3uvT7wFHeZ8Q9DOQcPG6awFqS8yGUuyTvxrHyBzTOwe8Fpg==",
        "dependencies": {
          "Lib.Net.Http.EncryptedContentEncoding": "2.1.1"
        }
      },
      "MailKit": {
        "type": "Transitive",
        "resolved": "4.18.0",
        "contentHash": "Sk+n5f4uVKiQKECOCPcFcYtYpIt9rcli7dDboSkWM2TBbTYE7EpfudL+e5a6TFp9eMHOzNYOydzZh0b+zFGK4A==",
        "dependencies": {
          "MimeKit": "4.18.0",
          "System.Formats.Asn1": "10.0.0"
        }
      },
      "Microsoft.Bcl.Cryptography": {
        "type": "Transitive",
        "resolved": "10.0.0",
        "contentHash": "2iilO1H+fkDBOsfYbFO57N1ElPsbWxNXyAekEtZ7b0sPrfm1akvLj+Wr7DzZy0fcEGUrez2jSyqAn4sTxDsgbg==",
        "dependencies": {
          "System.Formats.Asn1": "10.0.0"
        }
      },
      "Microsoft.Extensions.Configuration.Abstractions": {
        "type": "Transitive",
        "resolved": "8.0.0",
        "contentHash": "3lE/iLSutpgX1CC0NOW70FJoGARRHbyKmG7dc0klnUZ9Dd9hS6N/POPWhKhMLCEuNN5nXEY5agmlFtH562vqhQ==",
        "dependencies": {
          "Microsoft.Extensions.Primitives": "8.0.0"
        }
      },
      "Microsoft.Extensions.DependencyInjection.Abstractions": {
        "type": "Transitive",
        "resolved": "8.0.0",
        "contentHash": "cjWrLkJXK0rs4zofsK4bSdg+jhDLTaxrkXu4gS6Y7MAlCvRyNNgwY/lJi5RDlQOnSZweHqoyvgvbdvQsRIW+hg=="
      },
      "Microsoft.Extensions.Logging.Abstractions": {
        "type": "Transitive",
        "resolved": "8.0.0",
        "contentHash": "arDBqTgFCyS0EvRV7O3MZturChstm50OJ0y9bDJvAcmEPJm0FFpFyjU/JLYyStNGGey081DvnQYlncNX5SJJGA==",
        "dependencies": {
          "Microsoft.Extensions.DependencyInjection.Abstractions": "8.0.0"
        }
      },
      "Microsoft.Extensions.Primitives": {
        "type": "Transitive",
        "resolved": "8.0.0",
        "contentHash": "bXJEZrW9ny8vjMF1JV253WeLhpEVzFo1lyaZu1vQ4ZxWUlVvknZ/+ftFgVheLubb4eZPSwwxBeqS1JkCOjxd8g=="
      },
      "MimeKit": {
        "type": "Transitive",
        "resolved": "4.18.0",
        "contentHash": "foq2guy0YL0l0WuHrW4CuYicooXDpXlTOG1kuzlw9VcWfZpaf6zu3nX2kV3n6VKTrMy24vQJgE2TepszntVd3A==",
        "dependencies": {
          "BouncyCastle.Cryptography": "2.7.0",
          "System.Security.Cryptography.Pkcs": "10.0.0"
        }
      },
      "Npgsql": {
        "type": "Transitive",
        "resolved": "8.0.9",
        "contentHash": "H7O9NrvSO+BaojUOK59YmSOi7+RabnBoNPw1F7NgtZhw5uBeAA3bCjTH2VjgacUVHe8K1asPyj/a/mnhJ/e1yA==",
        "dependencies": {
          "Microsoft.Extensions.Logging.Abstractions": "8.0.0"
        }
      },
      "SixLabors.ImageSharp": {
        "type": "Transitive",
        "resolved": "3.1.11",
        "contentHash": "JfPLyigLthuE50yi6tMt7Amrenr/fA31t2CvJyhy/kQmfulIBAqo5T/YFUSRHtuYPXRSaUHygFeh6Qd933EoSw=="
      },
      "System.Formats.Asn1": {
        "type": "Transitive",
        "resolved": "10.0.0",
        "contentHash": "0QCZNYeRswlUVyo9N3hXrt5X9dqqRup53loU4K4JatdoYPhXHLrK9PwRtg5vP0Sr9QbdCOKk2luEdip/kV5Sig=="
      },
      "System.Security.Cryptography.Pkcs": {
        "type": "Transitive",
        "resolved": "10.0.0",
        "contentHash": "UPWqLSygJlFerRi9XNIuM0a1VC8gHUIufyP24xQ0sc+XimqUAEcjpOz9DhKpyDjH+5B/wO3RpC0KpkEeDj/ddg==",
        "dependencies": {
          "Microsoft.Bcl.Cryptography": "10.0.0",
          "System.Formats.Asn1": "10.0.0"
        }
      },
      "vograph.timetable": {
        "type": "Project"
      },
      "zapara.client.domain": {
        "type": "Project",
        "dependencies": {
          "Vograph.Timetable": "[1.0.0, )",
          "Zapara.Contracts": "[1.0.0, )"
        }
      },
      "zapara.contracts": {
        "type": "Project"
      },
      "zapara.server.accounts": {
        "type": "Project",
        "dependencies": {
          "MailKit": "[4.18.0, )",
          "Npgsql": "[8.0.9, )",
          "Zapara.Contracts": "[1.0.0, )"
        }
      },
      "zapara.server.communities": {
        "type": "Project",
        "dependencies": {
          "Zapara.Contracts": "[1.0.0, )",
          "Zapara.Server.Accounts": "[1.0.0, )"
        }
      },
      "zapara.server.notifications": {
        "type": "Project",
        "dependencies": {
          "Lib.Net.Http.WebPush": "[3.3.1, )",
          "Zapara.Server.Accounts": "[1.0.0, )",
          "Zapara.Server.Sync": "[1.0.0, )"
        }
      },
      "zapara.server.social": {
        "type": "Project",
        "dependencies": {
          "SixLabors.ImageSharp": "[3.1.11, )",
          "Zapara.Contracts": "[1.0.0, )",
          "Zapara.Server.Accounts": "[1.0.0, )"
        }
      },
      "zapara.server.sync": {
        "type": "Project",
        "dependencies": {
          "Zapara.Contracts": "[1.0.0, )",
          "Zapara.Server.Accounts": "[1.0.0, )"
        }
      },
      "zapara.server.timetable": {
        "type": "Project",
        "dependencies": {
          "Microsoft.Extensions.Configuration.Abstractions": "[8.0.0, )",
          "Npgsql": "[8.0.9, )",
          "Vograph.Timetable": "[1.0.0, )"
        }
      }
    }
  }
}